// !$*UTF8*$!
{
	archiveVersion = 1;
	classes = {
	};
	objectVersion = 46;
	objects = {

/* Begin PBXBuildFile section */
		250533351BF433D2005ABC9D /* ColoresStruct.swift in Sources */ = {isa = PBXBuildFile; fileRef = 250533341BF433D2005ABC9D /* ColoresStruct.swift */; };
		250533371BF436B1005ABC9D /* mensajeStruct.swift in Sources */ = {isa = PBXBuildFile; fileRef = 250533361BF436B1005ABC9D /* mensajeStruct.swift */; };
		2542EEBF1BEC315B00749008 /* AppDelegate.swift in Sources */ = {isa = PBXBuildFile; fileRef = 2542EEBE1BEC315B00749008 /* AppDelegate.swift */; };
		2542EEC11BEC315B00749008 /* ViewController.swift in Sources */ = {isa = PBXBuildFile; fileRef = 2542EEC01BEC315B00749008 /* ViewController.swift */; };
		2542EEC41BEC315B00749008 /* Main.storyboard in Resources */ = {isa = PBXBuildFile; fileRef = 2542EEC21BEC315B00749008 /* Main.storyboard */; };
		2542EEC61BEC315B00749008 /* Assets.xcassets in Resources */ = {isa = PBXBuildFile; fileRef = 2542EEC51BEC315B00749008 /* Assets.xcassets */; };
		2542EEC91BEC315B00749008 /* LaunchScreen.storyboard in Resources */ = {isa = PBXBuildFile; fileRef = 2542EEC71BEC315B00749008 /* LaunchScreen.storyboard */; };
/* End PBXBuildFile section */

/* Begin PBXFileReference section */
		250533341BF433D2005ABC9D /* ColoresStruct.swift */ = {isa = PBXFileReference; fileEncoding = 4; lastKnownFileType = sourcecode.swift; path = ColoresStruct.swift; sourceTree = "<group>"; };
		250533361BF436B1005ABC9D /* mensajeStruct.swift */ = {isa = PBXFileReference; fileEncoding = 4; lastKnownFileType = sourcecode.swift; path = mensajeStruct.swift; sourceTree = "<group>"; };
		2542EEBB1BEC315B00749008 /* MasFeliz.app */ = {isa = PBXFileReference; explicitFileType = wrapper.application; includeInIndex = 0; path = MasFeliz.app; sourceTree = BUILT_PRODUCTS_DIR; };
		2542EEBE1BEC315B00749008 /* AppDelegate.swift */ = {isa = PBXFileReference; lastKnownFileType = sourcecode.swift; path = AppDelegate.swift; sourceTree = "<group>"; };
		2542EEC01BEC315B00749008 /* ViewController.swift */ = {isa = PBXFileReference; lastKnownFileType = sourcecode.swift; path = ViewController.swift; sourceTree = "<group>"; };
		2542EEC31BEC315B00749008 /* Base */ = {isa = PBXFileReference; lastKnownFileType = file.storyboard; name = Base; path = Base.lproj/Main.storyboard; sourceTree = "<group>"; };
		2542EEC51BEC315B00749008 /* Assets.xcassets */ = {isa = PBXFileReference; lastKnownFileType = folder.assetcatalog; path = Assets.xcassets; sourceTree = "<group>"; };
		2542EEC81BEC315B00749008 /* Base */ = {isa = PBXFileReference; lastKnownFileType = file.storyboard; name = Base; path = Base.lproj/LaunchScreen.storyboard; sourceTree = "<group>"; };
		2542EECA1BEC315B00749008 /* Info.plist */ = {isa = PBXFileReference; lastKnownFileType = text.plist.xml; path = Info.plist; sourceTree = "<group>"; };
		2542EED01BEC32ED00749008 /* MyPlayground.playground */ = {isa = PBXFileReference; lastKnownFileType = file.playground; path = MyPlayground.playground; sourceTree = "<group>"; };
/* End PBXFileReference section */

/* Begin PBXFrameworksBuildPhase section */
		2542EEB81BEC315B00749008 /* Frameworks */ = {
			isa = PBXFrameworksBuildPhase;
			buildActionMask = 2147483647;
			files = (
			);
			runOnlyForDeploymentPostprocessing = 0;
		};
/* End PBXFrameworksBuildPhase section */

/* Begin PBXGroup section */
		2542EEB21BEC315B00749008 = {
			isa = PBXGroup;
			children = (
				2542EEBD1BEC315B00749008 /* MasFeliz */,
				2542EEBC1BEC315B00749008 /* Products */,
			);
			sourceTree = "<group>";
		};
		2542EEBC1BEC315B00749008 /* Products */ = {
			isa = PBXGroup;
			children = (
				2542EEBB1BEC315B00749008 /* MasFeliz.app */,
			);
			name = Products;
			sourceTree = "<group>";
		};
		2542EEBD1BEC315B00749008 /* MasFeliz */ = {
			isa = PBXGroup;
			children = (
				2542EEBE1BEC315B00749008 /* AppDelegate.swift */,
				2542EEC01BEC315B00749008 /* ViewController.swift */,
				2542EEC21BEC315B00749008 /* Main.storyboard */,
				2542EEC51BEC315B00749008 /* Assets.xcassets */,
				2542EEC71BEC315B00749008 /* LaunchScreen.storyboard */,
				2542EECA1BEC315B00749008 /* Info.plist */,
				2542EED11BEC32FA00749008 /* playgrounds */,
				250533341BF433D2005ABC9D /* ColoresStruct.swift */,
				250533361BF436B1005ABC9D /* mensajeStruct.swift */,
			);
			path = MasFeliz;
			sourceTree = "<group>";
		};
		2542EED11BEC32FA00749008 /* playgrounds */ = {
			isa = PBXGroup;
			children = (
				2542EED01BEC32ED00749008 /* MyPlayground.playground */,
			);
			name = playgrounds;
			sourceTree = "<group>";
		};
/* End PBXGroup section */

/* Begin PBXNativeTarget section */
		2542EEBA1BEC315B00749008 /* MasFeliz */ = {
			isa = PBXNativeTarget;
			buildConfigurationList = 2542EECD1BEC315B00749008 /* Build configuration list for PBXNativeTarget "MasFeliz" */;
			buildPhases = (
				2542EEB71BEC315B00749008 /* Sources */,
				2542EEB81BEC315B00749008 /* Frameworks */,
				2542EEB91BEC315B00749008 /* Resources */,
			);
			buildRules = (
			);
			dependencies = (
			);
			name = MasFeliz;
			productName = MasFeliz;
			productReference = 2542EEBB1BEC315B00749008 /* MasFeliz.app */;
			productType = "com.apple.product-type.application";
		};
/* End PBXNativeTarget section */

/* Begin PBXProject section */
		2542EEB31BEC315B00749008 /* Project object */ = {
			isa = PBXProject;
			attributes = {
				LastSwiftUpdateCheck = 0710;
				LastUpgradeCheck = 0710;
				ORGANIZATIONNAME = "Randy Douglas";
				TargetAttributes = {
					2542EEBA1BEC315B00749008 = {
						CreatedOnToolsVersion = 7.1;
					};
				};
			};
			buildConfigurationList = 2542EEB61BEC315B00749008 /* Build configuration list for PBXProject "MasFeliz" */;
			compatibilityVersion = "Xcode 3.2";
			developmentRegion = English;
			hasScannedForEncodings = 0;
			knownRegions = (
				en,
				Base,
			);
			mainGroup = 2542EEB21BEC315B00749008;
			productRefGroup = 2542EEBC1BEC315B00749008 /* Products */;
			projectDirPath = "";
			projectRoot = "";
			targets = (
				2542EEBA1BEC315B00749008 /* MasFeliz */,
			);
		};
/* End PBXProject section */

/* Begin PBXResourcesBuildPhase section */
		2542EEB91BEC315B00749008 /* Resources */ = {
			isa = PBXResourcesBuildPhase;
			buildActionMask = 2147483647;
			files = (
				2542EEC91BEC315B00749008 /* LaunchScreen.storyboard in Resources */,
				2542EEC61BEC315B00749008 /* Assets.xcassets in Resources */,
				2542EEC41BEC315B00749008 /* Main.storyboard in Resources */,
			);
			runOnlyForDeploymentPostprocessing = 0;
		};
/* End PBXResourcesBuildPhase section */

/* Begin PBXSourcesBuildPhase section */
		2542EEB71BEC315B00749008 /* Sources */ = {
			isa = PBXSourcesBuildPhase;
			buildActionMask = 2147483647;
			files = (
				2542EEC11BEC315B00749008 /* ViewController.swift in Sources */,
				250533351BF433D2005ABC9D /* ColoresStruct.swift in Sources */,
				250533371BF436B1005ABC9D /* mensajeStruct.swift in Sources */,
				2542EEBF1BEC315B00749008 /* AppDelegate.swift in Sources */,
			);
			runOnlyForDeploymentPostprocessing = 0;
		};
/* End PBXSourcesBuildPhase section */

/* Begin PBXVariantGroup section */
		2542EEC21BEC315B00749008 /* Main.storyboard */ = {
			isa = PBXVariantGroup;
			children = (
				2542EEC31BEC315B00749008 /* Base */,
			);
			name = Main.storyboard;
			sourceTree = "<group>";
		};
		2542EEC71BEC315B00749008 /* LaunchScreen.storyboard */ = {
			isa = PBXVariantGroup;
			children = (
				2542EEC81BEC315B00749008 /* Base */,
			);
			name = LaunchScreen.storyboard;
			sourceTree = "<group>";
		};
/* End PBXVariantGroup section */

/* Begin XCBuildConfiguration section */
		2542EECB1BEC315B00749008 /* Debug */ = {
			isa = XCBuildConfiguration;
			buildSettings = {
				ALWAYS_SEARCH_USER_PATHS = NO;
				CLANG_CXX_LANGUAGE_STANDARD = "gnu++0x";
				CLANG_CXX_LIBRARY = "libc++";
				CLANG_ENABLE_MODULES = YES;
				CLANG_ENABLE_OBJC_ARC = YES;
				CLANG_WARN_BOOL_CONVERSION = YES;
				CLANG_WARN_CONSTANT_CONVERSION = YES;
				CLANG_WARN_DIRECT_OBJC_ISA_USAGE = YES_ERROR;
				CLANG_WARN_EMPTY_BODY = YES;
				CLANG_WARN_ENUM_CONVERSION = YES;
				CLANG_WARN_INT_CONVERSION = YES;
				CLANG_WARN_OBJC_ROOT_CLASS = YES_ERROR;
				CLANG_WARN_UNREACHABLE_CODE = YES;
				CLANG_WARN__DUPLICATE_METHOD_MATCH = YES;
				"CODE_SIGN_IDENTITY[sdk=iphoneos*]" = "iPhone Developer";
				COPY_PHASE_STRIP = NO;
				DEBUG_INFORMATION_FORMAT = dwarf;
				ENABLE_STRICT_OBJC_MSGSEND = YES;
				ENABLE_TESTABILITY = YES;
				GCC_C_LANGUAGE_STANDARD = gnu99;
				GCC_DYNAMIC_NO_PIC = NO;
				GCC_NO_COMMON_BLOCKS = YES;
				GCC_OPTIMIZATION_LEVEL = 0;
				GCC_PREPROCESSOR_DEFINITIONS = (
					"DEBUG=1",
					"$(inherited)",
				);
				GCC_WARN_64_TO_32_BIT_CONVERSION = YES;
				GCC_WARN_ABOUT_RETURN_TYPE = YES_ERROR;
				GCC_WARN_UNDECLARED_SELECTOR = YES;
				GCC_WARN_UNINITIALIZED_AUTOS = YES_AGGRESSIVE;
				GCC_WARN_UNUSED_FUNCTION = YES;
				GCC_WARN_UNUSED_VARIABLE = YES;
				IPHONEOS_DEPLOYMENT_TARGET = 9.1;
				MTL_ENABLE_DEBUG_INFO = YES;
				ONLY_ACTIVE_ARCH = YES;
				SDKROOT = iphoneos;
				SWIFT_OPTIMIZATION_LEVEL = "-Onone";
			};
			name = Debug;
		};
		2542EECC1BEC315B00749008 /* Release */ = {
			isa = XCBuildConfiguration;
			buildSettings = {
				ALWAYS_SEARCH_USER_PATHS = NO;
				CLANG_CXX_LANGUAGE_STANDARD = "gnu++0x";
				CLANG_CXX_LIBRARY = "libc++";
				CLANG_ENABLE_MODULES = YES;
				CLANG_ENABLE_OBJC_ARC = YES;
				CLANG_WARN_BOOL_CONVERSION = YES;
				CLANG_WARN_CONSTANT_CONVERSION = YES;
				CLANG_WARN_DIRECT_OBJC_ISA_USAGE = YES_ERROR;
				CLANG_WARN_EMPTY_BODY = YES;
				CLANG_WARN_ENUM_CONVERSION = YES;
				CLANG_WARN_INT_CONVERSION = YES;
				CLANG_WARN_OBJC_ROOT_CLASS = YES_ERROR;
				CLANG_WARN_UNREACHABLE_CODE = YES;
				CLANG_WARN__DUPLICATE_METHOD_MATCH = YES;
				"CODE_SIGN_IDENTITY[sdk=iphoneos*]" = "iPhone Developer";
				COPY_PHASE_STRIP = NO;
				DEBUG_INFORMATION_FORMAT = "dwarf-with-dsym";
				ENABLE_NS_ASSERTIONS = NO;
				ENABLE_STRICT_OBJC_MSGSEND = YES;
				GCC_C_LANGUAGE_STANDARD = gnu99;
				GCC_NO_COMMON_BLOCKS = YES;
				GCC_WARN_64_TO_32_BIT_CONVERSION = YES;
				GCC_WARN_ABOUT_RETURN_TYPE = YES_ERROR;
				GCC_WARN_UNDECLARED_SELECTOR = YES;
				GCC_WARN_UNINITIALIZED_AUTOS = YES_AGGRESSIVE;
				GCC_WARN_UNUSED_FUNCTION = YES;
				GCC_WARN_UNUSED_VARIABLE = YES;
				IPHONEOS_DEPLOYMENT_TARGET = 9.1;
				MTL_ENABLE_DEBUG_INFO = NO;
				SDKROOT = iphoneos;
				VALIDATE_PRODUCT = YES;
			};
			name = Release;
		};
		2542EECE1BEC315B00749008 /* Debug */ = {
			isa = XCBuildConfiguration;
			buildSettings = {
				ASSETCATALOG_COMPILER_APPICON_NAME = AppIcon;
				INFOPLIST_FILE = MasFeliz/Info.plist;
				LD_RUNPATH_SEARCH_PATHS = "$(inherited) @executable_path/Frameworks";
				PRODUCT_BUNDLE_IDENTIFIER = darkfoxsoft.MasFeliz;
				PRODUCT_NAME = "$(TARGET_NAME)";
			};
			name = Debug;
		};
		2542EECF1BEC315B00749008 /* Release */ = {
			isa = XCBuildConfiguration;
			buildSettings = {
				ASSETCATALOG_COMPILER_APPICON_NAME = AppIcon;
				INFOPLIST_FILE = MasFeliz/Info.plist;
				LD_RUNPATH_SEARCH_PATHS = "$(inherited) @executable_path/Frameworks";
				PRODUCT_BUNDLE_IDENTIFIER = darkfoxsoft.MasFeliz;
				PRODUCT_NAME = "$(TARGET_NAME)";
			};
			name = Release;
		};
/* End XCBuildConfiguration section */

/* Begin XCConfigurationList section */
		2542EEB61BEC315B00749008 /* Build configuration list for PBXProject "MasFeliz" */ = {
			isa = XCConfigurationList;
			buildConfigurations = (
				2542EECB1BEC315B00749008 /* Debug */,
				2542EECC1BEC315B00749008 /* Release */,
			);
			defaultConfigurationIsVisible = 0;
			defaultConfigurationName = Release;
		};
		2542EECD1BEC315B00749008 /* Build configuration list for PBXNativeTarget "MasFeliz" */ = {
			isa = XCConfigurationList;
			buildConfigurations = (
				2542EECE1BEC315B00749008 /* Debug */,
				2542EECF1BEC315B00749008 /* Release */,
			);
			defaultConfigurationIsVisible = 0;
			defaultConfigurationName = Release;
		};
/* End XCConfigurationList section */
	};
	rootObject = 2542EEB31BEC315B00749008 /* Project object */;
}
